NeoBundleLock vim-markdown 409c37b205afa2f9d590e23de8171482d66770e2
NeoBundleLock unite-colorscheme 3aa33866a183f7659594a3f6b66b2334eaebc6a0
NeoBundleLock open-browser.vim 4184376d06525f9b5fb7c08ce2a482e1d6acf645
NeoBundleLock unite.vim a77df27ce9304da1b2e6060784fa14ec7dc87aed
NeoBundleLock vim-hier 0b8c365263551a67404ebd7e528c55e17c1d3de7
NeoBundleLock previm 58acaeb023ba8942be19161b52cee54ba3aca60c
NeoBundleLock cpp-vim ed3fc2cb715f7fb2e0793a8ccae599ec2f322740
NeoBundleLock syntastic 67ffe58818930e95163ead541a2700cec41c13f7
NeoBundleLock clang_complete f241549019bf17443c37239162ac6313497e9a53
NeoBundleLock tcomment_vim 30bb1f881020e3554ea66e0ffff750792d0ca3f0
NeoBundleLock SingleCompile 4004d12f0cdafbc3299c0991e59cf26b1e6c4630
NeoBundleLock shabadou.vim c5af30bb0c028d53cfd89e00cab636c844034a9a
NeoBundleLock vimproc eb2bc419dcac5ebf2db99794195e558f4ce204f8
NeoBundleLock vim-watchdogs 52b2960236f4bb96292b1549602725fb2e4b7baf
NeoBundleLock vimfiler 4b16338b75b4d1efb0a0350a9310f5e84ea5c5dc
NeoBundleLock nerdtree 3b98a7fcae8f9fff356907171f0406ff8cd28921
NeoBundleLock vim-colors-solarized 528a59f26d12278698bb946f8fb82a63711eec21
NeoBundleLock vim-autoclose a9a3b7384657bc1f60a963fd6c08c63fc48d61c3
NeoBundleLock vim-quickrun ae97cef42ae142306e9431dce9ab97c4353e5254
NeoBundleLock neocomplcache f1ee320781ba1384254151cc17456c500e3bbfe9
NeoBundleLock vim-quickhl 1b51860e0d6e6735872f2fdff0b9e7abaf35fb65
NeoBundleLock vim-hybrid 471b235306b94850a3c6b1d2d9e5203e9919c15e
NeoBundleLock jedi-vim 10cd4c6cfb3671c2ac9ced94a1267adc742e4c03
NeoBundleLock neobundle.vim b586735787525c8a2b1205cdc2d083fd649b732e
NeoBundleLock lightline.vim 6f71e12b8530a89bdc9f949cb70589d5289df350
